
Microsoft Visual Studio Solution File, Format Version 12.00
# Visual Studio Version 16
VisualStudioVersion = 16.0.31313.79
MinimumVisualStudioVersion = 10.0.40219.1
Project("{FAE04EC0-301F-11D3-BF4B-00C04F79EFBC}") = "calc", "calc\calc.csproj", "{346C6780-8E57-4760-9AFF-369C7BEA3C9D}"
EndProject
Global
	GlobalSection(SolutionConfigurationPlatforms) = preSolution
		Debug|Any CPU = Debug|Any CPU
		Release|Any CPU = Release|Any CPU
	EndGlobalSection
	GlobalSection(ProjectConfigurationPlatforms) = postSolution
		{346C6780-8E57-4760-9AFF-369C7BEA3C9D}.Debug|Any CPU.ActiveCfg = Debug|Any CPU
		{346C6780-8E57-4760-9AFF-369C7BEA3C9D}.Debug|Any CPU.Build.0 = Debug|Any CPU
		{346C6780-8E57-4760-9AFF-369C7BEA3C9D}.Release|Any CPU.ActiveCfg = Release|Any CPU
		{346C6780-8E57-4760-9AFF-369C7BEA3C9D}.Release|Any CPU.Build.0 = Release|Any CPU
	EndGlobalSection
	GlobalSection(SolutionProperties) = preSolution
		HideSolutionNode = FALSE
	EndGlobalSection
	GlobalSection(ExtensibilityGlobals) = postSolution
		SolutionGuid = {BC5E2DB4-4C68-431B-B069-99F1765D7062}
	EndGlobalSection
EndGlobal
